
Microsoft Visual Studio Solution File, Format Version 12.00
# Visual Studio Version 17
VisualStudioVersion = 17.5.33414.496
MinimumVisualStudioVersion = 10.0.40219.1
Project("{FAE04EC0-301F-11D3-BF4B-00C04F79EFBC}") = "nccsv_verifier", "nccsv_verifier\nccsv_verifier.csproj", "{2B220945-7882-4247-8B10-952F28B1F74C}"
EndProject
Project("{FAE04EC0-301F-11D3-BF4B-00C04F79EFBC}") = "nccsv_verifier_tests", "nccsv_verifier_tests\nccsv_verifier_tests.csproj", "{012D1A6C-F5AE-47C2-9396-F6F14A3C6C1D}"
EndProject
Global
	GlobalSection(SolutionConfigurationPlatforms) = preSolution
		Debug|Any CPU = Debug|Any CPU
		Release|Any CPU = Release|Any CPU
	EndGlobalSection
	GlobalSection(ProjectConfigurationPlatforms) = postSolution
		{2B220945-7882-4247-8B10-952F28B1F74C}.Debug|Any CPU.ActiveCfg = Debug|Any CPU
		{2B220945-7882-4247-8B10-952F28B1F74C}.Debug|Any CPU.Build.0 = Debug|Any CPU
		{2B220945-7882-4247-8B10-952F28B1F74C}.Release|Any CPU.ActiveCfg = Release|Any CPU
		{2B220945-7882-4247-8B10-952F28B1F74C}.Release|Any CPU.Build.0 = Release|Any CPU
		{012D1A6C-F5AE-47C2-9396-F6F14A3C6C1D}.Debug|Any CPU.ActiveCfg = Debug|Any CPU
		{012D1A6C-F5AE-47C2-9396-F6F14A3C6C1D}.Debug|Any CPU.Build.0 = Debug|Any CPU
		{012D1A6C-F5AE-47C2-9396-F6F14A3C6C1D}.Release|Any CPU.ActiveCfg = Release|Any CPU
		{012D1A6C-F5AE-47C2-9396-F6F14A3C6C1D}.Release|Any CPU.Build.0 = Release|Any CPU
	EndGlobalSection
	GlobalSection(SolutionProperties) = preSolution
		HideSolutionNode = FALSE
	EndGlobalSection
	GlobalSection(ExtensibilityGlobals) = postSolution
		SolutionGuid = {4D93184C-B0E9-4AD2-BE1C-FB88F37FD182}
	EndGlobalSection
EndGlobal
